
Microsoft Visual Studio Solution File, Format Version 12.00
# Visual Studio Version 17
VisualStudioVersion = 17.11.35208.52
MinimumVisualStudioVersion = 10.0.40219.1
Project("{9A19103F-16F7-4668-BE54-9A1E7A4F7556}") = "Sample", "Sample.csproj", "{7DE715F7-5369-4304-8D28-926783FFC71C}"
EndProject
Project("{9A19103F-16F7-4668-BE54-9A1E7A4F7556}") = "KeyboardVisibilityListener", "..\src\KeyboardVisibilityListener.csproj", "{0F2CE9A9-F1BB-4379-B7CF-FF1EA91CB697}"
EndProject
Global
	GlobalSection(SolutionConfigurationPlatforms) = preSolution
		Debug|Any CPU = Debug|Any CPU
		Release|Any CPU = Release|Any CPU
	EndGlobalSection
	GlobalSection(ProjectConfigurationPlatforms) = postSolution
		{7DE715F7-5369-4304-8D28-926783FFC71C}.Debug|Any CPU.ActiveCfg = Debug|Any CPU
		{7DE715F7-5369-4304-8D28-926783FFC71C}.Debug|Any CPU.Build.0 = Debug|Any CPU
		{7DE715F7-5369-4304-8D28-926783FFC71C}.Debug|Any CPU.Deploy.0 = Debug|Any CPU
		{7DE715F7-5369-4304-8D28-926783FFC71C}.Release|Any CPU.ActiveCfg = Release|Any CPU
		{7DE715F7-5369-4304-8D28-926783FFC71C}.Release|Any CPU.Build.0 = Release|Any CPU
		{7DE715F7-5369-4304-8D28-926783FFC71C}.Release|Any CPU.Deploy.0 = Release|Any CPU
		{0F2CE9A9-F1BB-4379-B7CF-FF1EA91CB697}.Debug|Any CPU.ActiveCfg = Debug|Any CPU
		{0F2CE9A9-F1BB-4379-B7CF-FF1EA91CB697}.Debug|Any CPU.Build.0 = Debug|Any CPU
		{0F2CE9A9-F1BB-4379-B7CF-FF1EA91CB697}.Release|Any CPU.ActiveCfg = Release|Any CPU
		{0F2CE9A9-F1BB-4379-B7CF-FF1EA91CB697}.Release|Any CPU.Build.0 = Release|Any CPU
	EndGlobalSection
	GlobalSection(SolutionProperties) = preSolution
		HideSolutionNode = FALSE
	EndGlobalSection
	GlobalSection(ExtensibilityGlobals) = postSolution
		SolutionGuid = {E0AEA011-600B-4B04-A821-F4CDEDCD04DB}
	EndGlobalSection
EndGlobal
