
Microsoft Visual Studio Solution File, Format Version 12.00
# Visual Studio Version 17
VisualStudioVersion = 17.11.35208.52
MinimumVisualStudioVersion = 10.0.40219.1
Project("{FAE04EC0-301F-11D3-BF4B-00C04F79EFBC}") = "KeyboardUtils", ".\KeyboardUtils.csproj", "{570C84E6-C6BE-4088-9BBB-38F29F115780}"
EndProject
Global
	GlobalSection(SolutionConfigurationPlatforms) = preSolution
		Debug|Any CPU = Debug|Any CPU
		Release|Any CPU = Release|Any CPU
	EndGlobalSection
	GlobalSection(ProjectConfigurationPlatforms) = postSolution
		{570C84E6-C6BE-4088-9BBB-38F29F115780}.Debug|Any CPU.ActiveCfg = Debug|Any CPU
		{570C84E6-C6BE-4088-9BBB-38F29F115780}.Debug|Any CPU.Build.0 = Debug|Any CPU
		{570C84E6-C6BE-4088-9BBB-38F29F115780}.Release|Any CPU.ActiveCfg = Release|Any CPU
		{570C84E6-C6BE-4088-9BBB-38F29F115780}.Release|Any CPU.Build.0 = Release|Any CPU
	EndGlobalSection
	GlobalSection(SolutionProperties) = preSolution
		HideSolutionNode = FALSE
	EndGlobalSection
	GlobalSection(ExtensibilityGlobals) = postSolution
		SolutionGuid = {1B0A483D-21C2-40C5-BD47-853274BF58BA}
	EndGlobalSection
EndGlobal
